
Microsoft Visual Studio Solution File, Format Version 12.00
Project("{2150E333-8FDC-42A3-9474-1A3956D46DE8}") = "Bootstrapper", "Bootstrapper", "{D62BBBB2-F0FC-4F37-B330-2AB49AFC8F57}"
EndProject
Project("{2150E333-8FDC-42A3-9474-1A3956D46DE8}") = "Modules", "Modules", "{715BBAA1-4B83-43D0-8693-E4F4F3054EBC}"
EndProject
Project("{2150E333-8FDC-42A3-9474-1A3956D46DE8}") = "Shared", "Shared", "{DD374826-5795-491F-AEDE-5803933BE60B}"
EndProject
Project("{FAE04EC0-301F-11D3-BF4B-00C04F79EFBC}") = "Api", "Bootstrapper\Api\Api.csproj", "{6A9D9065-4BB5-48F1-8729-12FFB24777CC}"
EndProject
Project("{2150E333-8FDC-42A3-9474-1A3956D46DE8}") = "Catalog", "Catalog", "{1D13F42D-2E7F-41B8-AB1A-4B69C493C089}"
EndProject
Project("{2150E333-8FDC-42A3-9474-1A3956D46DE8}") = "Basket", "Basket", "{3C97BC9E-1FBA-4144-B6A0-16A1DA348FFC}"
EndProject
Project("{2150E333-8FDC-42A3-9474-1A3956D46DE8}") = "Ordering", "Ordering", "{7B1D130F-8E74-4A09-9A5F-A8704CEF4532}"
EndProject
Project("{FAE04EC0-301F-11D3-BF4B-00C04F79EFBC}") = "Catalog", "Modules\Catalog\Catalog\Catalog.csproj", "{B66B9578-88DB-4FBE-8639-09EF4FEDCFA7}"
EndProject
Project("{FAE04EC0-301F-11D3-BF4B-00C04F79EFBC}") = "Basket", "Modules\Basket\Basket\Basket.csproj", "{DF005622-9B11-4B57-A923-FC8955652718}"
EndProject
Project("{FAE04EC0-301F-11D3-BF4B-00C04F79EFBC}") = "Ordering", "Modules\Ordering\Ordering\Ordering.csproj", "{941D2CC4-82DA-4E73-9FB8-656E13378297}"
EndProject
Project("{FAE04EC0-301F-11D3-BF4B-00C04F79EFBC}") = "Shared", "Shared\Shared\Shared.csproj", "{22BB189F-176E-4FCE-BC4E-F214B3E8F6B5}"
EndProject
Global
	GlobalSection(SolutionConfigurationPlatforms) = preSolution
		Debug|Any CPU = Debug|Any CPU
		Release|Any CPU = Release|Any CPU
	EndGlobalSection
	GlobalSection(ProjectConfigurationPlatforms) = postSolution
		{6A9D9065-4BB5-48F1-8729-12FFB24777CC}.Debug|Any CPU.ActiveCfg = Debug|Any CPU
		{6A9D9065-4BB5-48F1-8729-12FFB24777CC}.Debug|Any CPU.Build.0 = Debug|Any CPU
		{6A9D9065-4BB5-48F1-8729-12FFB24777CC}.Release|Any CPU.ActiveCfg = Release|Any CPU
		{6A9D9065-4BB5-48F1-8729-12FFB24777CC}.Release|Any CPU.Build.0 = Release|Any CPU
		{B66B9578-88DB-4FBE-8639-09EF4FEDCFA7}.Debug|Any CPU.ActiveCfg = Debug|Any CPU
		{B66B9578-88DB-4FBE-8639-09EF4FEDCFA7}.Debug|Any CPU.Build.0 = Debug|Any CPU
		{B66B9578-88DB-4FBE-8639-09EF4FEDCFA7}.Release|Any CPU.ActiveCfg = Release|Any CPU
		{B66B9578-88DB-4FBE-8639-09EF4FEDCFA7}.Release|Any CPU.Build.0 = Release|Any CPU
		{DF005622-9B11-4B57-A923-FC8955652718}.Debug|Any CPU.ActiveCfg = Debug|Any CPU
		{DF005622-9B11-4B57-A923-FC8955652718}.Debug|Any CPU.Build.0 = Debug|Any CPU
		{DF005622-9B11-4B57-A923-FC8955652718}.Release|Any CPU.ActiveCfg = Release|Any CPU
		{DF005622-9B11-4B57-A923-FC8955652718}.Release|Any CPU.Build.0 = Release|Any CPU
		{941D2CC4-82DA-4E73-9FB8-656E13378297}.Debug|Any CPU.ActiveCfg = Debug|Any CPU
		{941D2CC4-82DA-4E73-9FB8-656E13378297}.Debug|Any CPU.Build.0 = Debug|Any CPU
		{941D2CC4-82DA-4E73-9FB8-656E13378297}.Release|Any CPU.ActiveCfg = Release|Any CPU
		{941D2CC4-82DA-4E73-9FB8-656E13378297}.Release|Any CPU.Build.0 = Release|Any CPU
		{22BB189F-176E-4FCE-BC4E-F214B3E8F6B5}.Debug|Any CPU.ActiveCfg = Debug|Any CPU
		{22BB189F-176E-4FCE-BC4E-F214B3E8F6B5}.Debug|Any CPU.Build.0 = Debug|Any CPU
		{22BB189F-176E-4FCE-BC4E-F214B3E8F6B5}.Release|Any CPU.ActiveCfg = Release|Any CPU
		{22BB189F-176E-4FCE-BC4E-F214B3E8F6B5}.Release|Any CPU.Build.0 = Release|Any CPU
	EndGlobalSection
	GlobalSection(NestedProjects) = preSolution
		{6A9D9065-4BB5-48F1-8729-12FFB24777CC} = {D62BBBB2-F0FC-4F37-B330-2AB49AFC8F57}
		{1D13F42D-2E7F-41B8-AB1A-4B69C493C089} = {715BBAA1-4B83-43D0-8693-E4F4F3054EBC}
		{3C97BC9E-1FBA-4144-B6A0-16A1DA348FFC} = {715BBAA1-4B83-43D0-8693-E4F4F3054EBC}
		{7B1D130F-8E74-4A09-9A5F-A8704CEF4532} = {715BBAA1-4B83-43D0-8693-E4F4F3054EBC}
		{B66B9578-88DB-4FBE-8639-09EF4FEDCFA7} = {1D13F42D-2E7F-41B8-AB1A-4B69C493C089}
		{DF005622-9B11-4B57-A923-FC8955652718} = {3C97BC9E-1FBA-4144-B6A0-16A1DA348FFC}
		{941D2CC4-82DA-4E73-9FB8-656E13378297} = {7B1D130F-8E74-4A09-9A5F-A8704CEF4532}
		{22BB189F-176E-4FCE-BC4E-F214B3E8F6B5} = {DD374826-5795-491F-AEDE-5803933BE60B}
	EndGlobalSection
EndGlobal
